
Microsoft Visual Studio Solution File, Format Version 12.00
# Visual Studio Version 17
VisualStudioVersion = 17.3.32819.101
MinimumVisualStudioVersion = 10.0.40219.1
Project("{FAE04EC0-301F-11D3-BF4B-00C04F79EFBC}") = "HKBookStore.WepApp", "HKBookStore.WepApp\HKBookStore.WepApp.csproj", "{3FC8E3DA-947B-4B97-BC83-55E2AAF7998A}"
EndProject
Global
	GlobalSection(SolutionConfigurationPlatforms) = preSolution
		Debug|Any CPU = Debug|Any CPU
		Release|Any CPU = Release|Any CPU
	EndGlobalSection
	GlobalSection(ProjectConfigurationPlatforms) = postSolution
		{3FC8E3DA-947B-4B97-BC83-55E2AAF7998A}.Debug|Any CPU.ActiveCfg = Debug|Any CPU
		{3FC8E3DA-947B-4B97-BC83-55E2AAF7998A}.Debug|Any CPU.Build.0 = Debug|Any CPU
		{3FC8E3DA-947B-4B97-BC83-55E2AAF7998A}.Release|Any CPU.ActiveCfg = Release|Any CPU
		{3FC8E3DA-947B-4B97-BC83-55E2AAF7998A}.Release|Any CPU.Build.0 = Release|Any CPU
	EndGlobalSection
	GlobalSection(SolutionProperties) = preSolution
		HideSolutionNode = FALSE
	EndGlobalSection
	GlobalSection(ExtensibilityGlobals) = postSolution
		SolutionGuid = {7DCE969B-E8D6-49CC-8075-27A371E26B4A}
	EndGlobalSection
EndGlobal
