
Microsoft Visual Studio Solution File, Format Version 12.00
# Visual Studio Version 17
VisualStudioVersion = 17.3.32819.101
MinimumVisualStudioVersion = 10.0.40219.1
Project("{FAE04EC0-301F-11D3-BF4B-00C04F79EFBC}") = "HKBookStore.WepApp", "HKBookStore.WepApp\HKBookStore.WepApp.csproj", "{3FC8E3DA-947B-4B97-BC83-55E2AAF7998A}"
EndProject
Project("{2150E333-8FDC-42A3-9474-1A3956D46DE8}") = "Solution Items", "Solution Items", "{E59C3920-A386-412D-AE15-7616B32CEB8E}"
	ProjectSection(SolutionItems) = preProject
		README.md = README.md
	EndProjectSection
EndProject
Project("{FAE04EC0-301F-11D3-BF4B-00C04F79EFBC}") = "HKBookStore.Data", "HKBookStore.Data\HKBookStore.Data.csproj", "{F4231111-219A-402B-B72A-623D941ECA05}"
EndProject
Project("{FAE04EC0-301F-11D3-BF4B-00C04F79EFBC}") = "HKBookStore.Application", "HKBookStore.Application\HKBookStore.Application.csproj", "{D25228F7-F1AC-47A1-A598-347F5C764040}"
EndProject
Project("{FAE04EC0-301F-11D3-BF4B-00C04F79EFBC}") = "HKBookStore.Utilities", "HKBookStore.Utilities\HKBookStore.Utilities.csproj", "{084739AC-9E70-42E4-B4DF-15E54C5AAB6E}"
EndProject
Project("{FAE04EC0-301F-11D3-BF4B-00C04F79EFBC}") = "HKBookStore.ViewModels", "HKBookStore.ViewModels\HKBookStore.ViewModels.csproj", "{7307909C-0F1C-4993-AF08-5DFF8723B1D5}"
EndProject
Global
	GlobalSection(SolutionConfigurationPlatforms) = preSolution
		Debug|Any CPU = Debug|Any CPU
		Release|Any CPU = Release|Any CPU
	EndGlobalSection
	GlobalSection(ProjectConfigurationPlatforms) = postSolution
		{3FC8E3DA-947B-4B97-BC83-55E2AAF7998A}.Debug|Any CPU.ActiveCfg = Debug|Any CPU
		{3FC8E3DA-947B-4B97-BC83-55E2AAF7998A}.Debug|Any CPU.Build.0 = Debug|Any CPU
		{3FC8E3DA-947B-4B97-BC83-55E2AAF7998A}.Release|Any CPU.ActiveCfg = Release|Any CPU
		{3FC8E3DA-947B-4B97-BC83-55E2AAF7998A}.Release|Any CPU.Build.0 = Release|Any CPU
		{F4231111-219A-402B-B72A-623D941ECA05}.Debug|Any CPU.ActiveCfg = Debug|Any CPU
		{F4231111-219A-402B-B72A-623D941ECA05}.Debug|Any CPU.Build.0 = Debug|Any CPU
		{F4231111-219A-402B-B72A-623D941ECA05}.Release|Any CPU.ActiveCfg = Release|Any CPU
		{F4231111-219A-402B-B72A-623D941ECA05}.Release|Any CPU.Build.0 = Release|Any CPU
		{D25228F7-F1AC-47A1-A598-347F5C764040}.Debug|Any CPU.ActiveCfg = Debug|Any CPU
		{D25228F7-F1AC-47A1-A598-347F5C764040}.Debug|Any CPU.Build.0 = Debug|Any CPU
		{D25228F7-F1AC-47A1-A598-347F5C764040}.Release|Any CPU.ActiveCfg = Release|Any CPU
		{D25228F7-F1AC-47A1-A598-347F5C764040}.Release|Any CPU.Build.0 = Release|Any CPU
		{084739AC-9E70-42E4-B4DF-15E54C5AAB6E}.Debug|Any CPU.ActiveCfg = Debug|Any CPU
		{084739AC-9E70-42E4-B4DF-15E54C5AAB6E}.Debug|Any CPU.Build.0 = Debug|Any CPU
		{084739AC-9E70-42E4-B4DF-15E54C5AAB6E}.Release|Any CPU.ActiveCfg = Release|Any CPU
		{084739AC-9E70-42E4-B4DF-15E54C5AAB6E}.Release|Any CPU.Build.0 = Release|Any CPU
		{7307909C-0F1C-4993-AF08-5DFF8723B1D5}.Debug|Any CPU.ActiveCfg = Debug|Any CPU
		{7307909C-0F1C-4993-AF08-5DFF8723B1D5}.Debug|Any CPU.Build.0 = Debug|Any CPU
		{7307909C-0F1C-4993-AF08-5DFF8723B1D5}.Release|Any CPU.ActiveCfg = Release|Any CPU
		{7307909C-0F1C-4993-AF08-5DFF8723B1D5}.Release|Any CPU.Build.0 = Release|Any CPU
	EndGlobalSection
	GlobalSection(SolutionProperties) = preSolution
		HideSolutionNode = FALSE
	EndGlobalSection
	GlobalSection(ExtensibilityGlobals) = postSolution
		SolutionGuid = {7DCE969B-E8D6-49CC-8075-27A371E26B4A}
	EndGlobalSection
EndGlobal
