
Microsoft Visual Studio Solution File, Format Version 12.00
# Visual Studio Version 17
VisualStudioVersion = 17.3.32819.101
MinimumVisualStudioVersion = 10.0.40219.1
Project("{2150E333-8FDC-42A3-9474-1A3956D46DE8}") = "0. Solution Items", "0. Solution Items", "{E59C3920-A386-412D-AE15-7616B32CEB8E}"
	ProjectSection(SolutionItems) = preProject
		README.md = README.md
	EndProjectSection
EndProject
Project("{9A19103F-16F7-4668-BE54-9A1E7A4F7556}") = "HKBookStore.Data", "HKBookStore.Data\HKBookStore.Data.csproj", "{F4231111-219A-402B-B72A-623D941ECA05}"
EndProject
Project("{9A19103F-16F7-4668-BE54-9A1E7A4F7556}") = "HKBookStore.Application", "HKBookStore.Application\HKBookStore.Application.csproj", "{D25228F7-F1AC-47A1-A598-347F5C764040}"
EndProject
Project("{9A19103F-16F7-4668-BE54-9A1E7A4F7556}") = "HKBookStore.Utilities", "HKBookStore.Utilities\HKBookStore.Utilities.csproj", "{084739AC-9E70-42E4-B4DF-15E54C5AAB6E}"
EndProject
Project("{9A19103F-16F7-4668-BE54-9A1E7A4F7556}") = "HKBookStore.ViewModels", "HKBookStore.ViewModels\HKBookStore.ViewModels.csproj", "{7307909C-0F1C-4993-AF08-5DFF8723B1D5}"
EndProject
Project("{9A19103F-16F7-4668-BE54-9A1E7A4F7556}") = "HKBookStore.BackendAPI", "HKBookStore.BackendAPI\HKBookStore.BackendAPI.csproj", "{A6EC06B8-DD58-4943-9424-2C51A6FE63D5}"
EndProject
Project("{2150E333-8FDC-42A3-9474-1A3956D46DE8}") = "1. Infrastructure", "1. Infrastructure", "{A273F888-603F-4BB3-86B6-28257CEAEC4C}"
EndProject
Project("{2150E333-8FDC-42A3-9474-1A3956D46DE8}") = "2. Domain", "2. Domain", "{1B908A6C-64B9-45D4-BB78-46B469BE2A33}"
EndProject
Project("{2150E333-8FDC-42A3-9474-1A3956D46DE8}") = "3. Hosts", "3. Hosts", "{70BFF7D6-7F53-4676-8603-82E28FF2DDF3}"
EndProject
Project("{9A19103F-16F7-4668-BE54-9A1E7A4F7556}") = "HKBookStore.AdminApp", "HKBookStore.AdminApp\HKBookStore.AdminApp.csproj", "{943A36D5-61F9-49FD-A83A-9E4FE0936CFD}"
EndProject
Project("{9A19103F-16F7-4668-BE54-9A1E7A4F7556}") = "HKBookStore.WebApp", "HKBookStore.WebApp\HKBookStore.WebApp.csproj", "{13466ECE-458B-4F35-A40F-090D6A8CB3DB}"
EndProject
Project("{9A19103F-16F7-4668-BE54-9A1E7A4F7556}") = "HKBookStore.ApiIntegration", "HKBookStore.ApiIntegration\HKBookStore.ApiIntegration.csproj", "{501E145B-366D-4AB9-B464-8A9366BF96CF}"
EndProject
Global
	GlobalSection(SolutionConfigurationPlatforms) = preSolution
		Debug|Any CPU = Debug|Any CPU
		Release|Any CPU = Release|Any CPU
	EndGlobalSection
	GlobalSection(ProjectConfigurationPlatforms) = postSolution
		{F4231111-219A-402B-B72A-623D941ECA05}.Debug|Any CPU.ActiveCfg = Debug|Any CPU
		{F4231111-219A-402B-B72A-623D941ECA05}.Debug|Any CPU.Build.0 = Debug|Any CPU
		{F4231111-219A-402B-B72A-623D941ECA05}.Release|Any CPU.ActiveCfg = Release|Any CPU
		{F4231111-219A-402B-B72A-623D941ECA05}.Release|Any CPU.Build.0 = Release|Any CPU
		{D25228F7-F1AC-47A1-A598-347F5C764040}.Debug|Any CPU.ActiveCfg = Debug|Any CPU
		{D25228F7-F1AC-47A1-A598-347F5C764040}.Debug|Any CPU.Build.0 = Debug|Any CPU
		{D25228F7-F1AC-47A1-A598-347F5C764040}.Release|Any CPU.ActiveCfg = Release|Any CPU
		{D25228F7-F1AC-47A1-A598-347F5C764040}.Release|Any CPU.Build.0 = Release|Any CPU
		{084739AC-9E70-42E4-B4DF-15E54C5AAB6E}.Debug|Any CPU.ActiveCfg = Debug|Any CPU
		{084739AC-9E70-42E4-B4DF-15E54C5AAB6E}.Debug|Any CPU.Build.0 = Debug|Any CPU
		{084739AC-9E70-42E4-B4DF-15E54C5AAB6E}.Release|Any CPU.ActiveCfg = Release|Any CPU
		{084739AC-9E70-42E4-B4DF-15E54C5AAB6E}.Release|Any CPU.Build.0 = Release|Any CPU
		{7307909C-0F1C-4993-AF08-5DFF8723B1D5}.Debug|Any CPU.ActiveCfg = Debug|Any CPU
		{7307909C-0F1C-4993-AF08-5DFF8723B1D5}.Debug|Any CPU.Build.0 = Debug|Any CPU
		{7307909C-0F1C-4993-AF08-5DFF8723B1D5}.Release|Any CPU.ActiveCfg = Release|Any CPU
		{7307909C-0F1C-4993-AF08-5DFF8723B1D5}.Release|Any CPU.Build.0 = Release|Any CPU
		{A6EC06B8-DD58-4943-9424-2C51A6FE63D5}.Debug|Any CPU.ActiveCfg = Debug|Any CPU
		{A6EC06B8-DD58-4943-9424-2C51A6FE63D5}.Debug|Any CPU.Build.0 = Debug|Any CPU
		{A6EC06B8-DD58-4943-9424-2C51A6FE63D5}.Release|Any CPU.ActiveCfg = Release|Any CPU
		{A6EC06B8-DD58-4943-9424-2C51A6FE63D5}.Release|Any CPU.Build.0 = Release|Any CPU
		{943A36D5-61F9-49FD-A83A-9E4FE0936CFD}.Debug|Any CPU.ActiveCfg = Debug|Any CPU
		{943A36D5-61F9-49FD-A83A-9E4FE0936CFD}.Debug|Any CPU.Build.0 = Debug|Any CPU
		{943A36D5-61F9-49FD-A83A-9E4FE0936CFD}.Release|Any CPU.ActiveCfg = Release|Any CPU
		{943A36D5-61F9-49FD-A83A-9E4FE0936CFD}.Release|Any CPU.Build.0 = Release|Any CPU
		{13466ECE-458B-4F35-A40F-090D6A8CB3DB}.Debug|Any CPU.ActiveCfg = Debug|Any CPU
		{13466ECE-458B-4F35-A40F-090D6A8CB3DB}.Debug|Any CPU.Build.0 = Debug|Any CPU
		{13466ECE-458B-4F35-A40F-090D6A8CB3DB}.Release|Any CPU.ActiveCfg = Release|Any CPU
		{13466ECE-458B-4F35-A40F-090D6A8CB3DB}.Release|Any CPU.Build.0 = Release|Any CPU
		{501E145B-366D-4AB9-B464-8A9366BF96CF}.Debug|Any CPU.ActiveCfg = Debug|Any CPU
		{501E145B-366D-4AB9-B464-8A9366BF96CF}.Debug|Any CPU.Build.0 = Debug|Any CPU
		{501E145B-366D-4AB9-B464-8A9366BF96CF}.Release|Any CPU.ActiveCfg = Release|Any CPU
		{501E145B-366D-4AB9-B464-8A9366BF96CF}.Release|Any CPU.Build.0 = Release|Any CPU
	EndGlobalSection
	GlobalSection(SolutionProperties) = preSolution
		HideSolutionNode = FALSE
	EndGlobalSection
	GlobalSection(NestedProjects) = preSolution
		{F4231111-219A-402B-B72A-623D941ECA05} = {1B908A6C-64B9-45D4-BB78-46B469BE2A33}
		{D25228F7-F1AC-47A1-A598-347F5C764040} = {1B908A6C-64B9-45D4-BB78-46B469BE2A33}
		{084739AC-9E70-42E4-B4DF-15E54C5AAB6E} = {A273F888-603F-4BB3-86B6-28257CEAEC4C}
		{7307909C-0F1C-4993-AF08-5DFF8723B1D5} = {A273F888-603F-4BB3-86B6-28257CEAEC4C}
		{A6EC06B8-DD58-4943-9424-2C51A6FE63D5} = {70BFF7D6-7F53-4676-8603-82E28FF2DDF3}
		{943A36D5-61F9-49FD-A83A-9E4FE0936CFD} = {70BFF7D6-7F53-4676-8603-82E28FF2DDF3}
		{13466ECE-458B-4F35-A40F-090D6A8CB3DB} = {70BFF7D6-7F53-4676-8603-82E28FF2DDF3}
		{501E145B-366D-4AB9-B464-8A9366BF96CF} = {70BFF7D6-7F53-4676-8603-82E28FF2DDF3}
	EndGlobalSection
	GlobalSection(ExtensibilityGlobals) = postSolution
		SolutionGuid = {7DCE969B-E8D6-49CC-8075-27A371E26B4A}
	EndGlobalSection
EndGlobal
